
Microsoft Visual Studio Solution File, Format Version 12.00
# Visual Studio 15
VisualStudioVersion = 15.0.28307.572
MinimumVisualStudioVersion = 10.0.40219.1
Project("{FAE04EC0-301F-11D3-BF4B-00C04F79EFBC}") = "Lidgren.Network", "Client\Assets\Network\Lidgren.Network\Lidgren.Network.csproj", "{49BA1C69-6104-41AC-A5D8-B54FA9F696E8}"
EndProject
Project("{FAE04EC0-301F-11D3-BF4B-00C04F79EFBC}") = "Physics", "Client\Assets\Network\Physics\Physics.csproj", "{909E0CFD-53D6-4F84-81C5-AA4BB8F0784A}"
EndProject
Project("{9A19103F-16F7-4668-BE54-9A1E7A4F7556}") = "Lobby", "Lobby\Lobby.csproj", "{737A2013-4DDE-4A2C-BB9F-8B7DD0274336}"
EndProject
Project("{9A19103F-16F7-4668-BE54-9A1E7A4F7556}") = "Battle", "Battle\Battle.csproj", "{9287B325-FDD2-49E3-92AB-30E4D85D4170}"
EndProject
Project("{9A19103F-16F7-4668-BE54-9A1E7A4F7556}") = "core", "Client\Assets\Network\core\core.csproj", "{0116627E-B2C5-4708-9983-705ECDD1F167}"
EndProject
Project("{FAE04EC0-301F-11D3-BF4B-00C04F79EFBC}") = "ServerCommon", "ServerCommon\ServerCommon.csproj", "{DEFF7297-5E11-455F-AB98-DA3AAAAA7BDC}"
EndProject
Global
	GlobalSection(SolutionConfigurationPlatforms) = preSolution
		Debug|Any CPU = Debug|Any CPU
		Debug|x64 = Debug|x64
		Debug|x86 = Debug|x86
		Release|Any CPU = Release|Any CPU
		Release|x64 = Release|x64
		Release|x86 = Release|x86
	EndGlobalSection
	GlobalSection(ProjectConfigurationPlatforms) = postSolution
		{49BA1C69-6104-41AC-A5D8-B54FA9F696E8}.Debug|Any CPU.ActiveCfg = Debug|Any CPU
		{49BA1C69-6104-41AC-A5D8-B54FA9F696E8}.Debug|Any CPU.Build.0 = Debug|Any CPU
		{49BA1C69-6104-41AC-A5D8-B54FA9F696E8}.Debug|x64.ActiveCfg = Debug|x64
		{49BA1C69-6104-41AC-A5D8-B54FA9F696E8}.Debug|x64.Build.0 = Debug|x64
		{49BA1C69-6104-41AC-A5D8-B54FA9F696E8}.Debug|x86.ActiveCfg = Debug|Any CPU
		{49BA1C69-6104-41AC-A5D8-B54FA9F696E8}.Debug|x86.Build.0 = Debug|Any CPU
		{49BA1C69-6104-41AC-A5D8-B54FA9F696E8}.Release|Any CPU.ActiveCfg = Release|Any CPU
		{49BA1C69-6104-41AC-A5D8-B54FA9F696E8}.Release|Any CPU.Build.0 = Release|Any CPU
		{49BA1C69-6104-41AC-A5D8-B54FA9F696E8}.Release|x64.ActiveCfg = Release|x64
		{49BA1C69-6104-41AC-A5D8-B54FA9F696E8}.Release|x64.Build.0 = Release|x64
		{49BA1C69-6104-41AC-A5D8-B54FA9F696E8}.Release|x86.ActiveCfg = Release|Any CPU
		{49BA1C69-6104-41AC-A5D8-B54FA9F696E8}.Release|x86.Build.0 = Release|Any CPU
		{909E0CFD-53D6-4F84-81C5-AA4BB8F0784A}.Debug|Any CPU.ActiveCfg = Debug|Any CPU
		{909E0CFD-53D6-4F84-81C5-AA4BB8F0784A}.Debug|Any CPU.Build.0 = Debug|Any CPU
		{909E0CFD-53D6-4F84-81C5-AA4BB8F0784A}.Debug|x64.ActiveCfg = Debug|x64
		{909E0CFD-53D6-4F84-81C5-AA4BB8F0784A}.Debug|x64.Build.0 = Debug|x64
		{909E0CFD-53D6-4F84-81C5-AA4BB8F0784A}.Debug|x86.ActiveCfg = Debug|Any CPU
		{909E0CFD-53D6-4F84-81C5-AA4BB8F0784A}.Debug|x86.Build.0 = Debug|Any CPU
		{909E0CFD-53D6-4F84-81C5-AA4BB8F0784A}.Release|Any CPU.ActiveCfg = Release|Any CPU
		{909E0CFD-53D6-4F84-81C5-AA4BB8F0784A}.Release|Any CPU.Build.0 = Release|Any CPU
		{909E0CFD-53D6-4F84-81C5-AA4BB8F0784A}.Release|x64.ActiveCfg = Release|x64
		{909E0CFD-53D6-4F84-81C5-AA4BB8F0784A}.Release|x64.Build.0 = Release|x64
		{909E0CFD-53D6-4F84-81C5-AA4BB8F0784A}.Release|x86.ActiveCfg = Release|Any CPU
		{909E0CFD-53D6-4F84-81C5-AA4BB8F0784A}.Release|x86.Build.0 = Release|Any CPU
		{737A2013-4DDE-4A2C-BB9F-8B7DD0274336}.Debug|Any CPU.ActiveCfg = Debug|Any CPU
		{737A2013-4DDE-4A2C-BB9F-8B7DD0274336}.Debug|Any CPU.Build.0 = Debug|Any CPU
		{737A2013-4DDE-4A2C-BB9F-8B7DD0274336}.Debug|x64.ActiveCfg = Debug|x64
		{737A2013-4DDE-4A2C-BB9F-8B7DD0274336}.Debug|x64.Build.0 = Debug|x64
		{737A2013-4DDE-4A2C-BB9F-8B7DD0274336}.Debug|x86.ActiveCfg = Debug|Any CPU
		{737A2013-4DDE-4A2C-BB9F-8B7DD0274336}.Debug|x86.Build.0 = Debug|Any CPU
		{737A2013-4DDE-4A2C-BB9F-8B7DD0274336}.Release|Any CPU.ActiveCfg = Release|Any CPU
		{737A2013-4DDE-4A2C-BB9F-8B7DD0274336}.Release|Any CPU.Build.0 = Release|Any CPU
		{737A2013-4DDE-4A2C-BB9F-8B7DD0274336}.Release|x64.ActiveCfg = Release|x64
		{737A2013-4DDE-4A2C-BB9F-8B7DD0274336}.Release|x64.Build.0 = Release|x64
		{737A2013-4DDE-4A2C-BB9F-8B7DD0274336}.Release|x86.ActiveCfg = Release|Any CPU
		{737A2013-4DDE-4A2C-BB9F-8B7DD0274336}.Release|x86.Build.0 = Release|Any CPU
		{9287B325-FDD2-49E3-92AB-30E4D85D4170}.Debug|Any CPU.ActiveCfg = Debug|Any CPU
		{9287B325-FDD2-49E3-92AB-30E4D85D4170}.Debug|Any CPU.Build.0 = Debug|Any CPU
		{9287B325-FDD2-49E3-92AB-30E4D85D4170}.Debug|x64.ActiveCfg = Debug|x64
		{9287B325-FDD2-49E3-92AB-30E4D85D4170}.Debug|x64.Build.0 = Debug|x64
		{9287B325-FDD2-49E3-92AB-30E4D85D4170}.Debug|x86.ActiveCfg = Debug|Any CPU
		{9287B325-FDD2-49E3-92AB-30E4D85D4170}.Debug|x86.Build.0 = Debug|Any CPU
		{9287B325-FDD2-49E3-92AB-30E4D85D4170}.Release|Any CPU.ActiveCfg = Release|Any CPU
		{9287B325-FDD2-49E3-92AB-30E4D85D4170}.Release|Any CPU.Build.0 = Release|Any CPU
		{9287B325-FDD2-49E3-92AB-30E4D85D4170}.Release|x64.ActiveCfg = Release|x64
		{9287B325-FDD2-49E3-92AB-30E4D85D4170}.Release|x64.Build.0 = Release|x64
		{9287B325-FDD2-49E3-92AB-30E4D85D4170}.Release|x86.ActiveCfg = Release|Any CPU
		{9287B325-FDD2-49E3-92AB-30E4D85D4170}.Release|x86.Build.0 = Release|Any CPU
		{0116627E-B2C5-4708-9983-705ECDD1F167}.Debug|Any CPU.ActiveCfg = Debug|Any CPU
		{0116627E-B2C5-4708-9983-705ECDD1F167}.Debug|Any CPU.Build.0 = Debug|Any CPU
		{0116627E-B2C5-4708-9983-705ECDD1F167}.Debug|x64.ActiveCfg = Debug|x64
		{0116627E-B2C5-4708-9983-705ECDD1F167}.Debug|x64.Build.0 = Debug|x64
		{0116627E-B2C5-4708-9983-705ECDD1F167}.Debug|x86.ActiveCfg = Debug|Any CPU
		{0116627E-B2C5-4708-9983-705ECDD1F167}.Debug|x86.Build.0 = Debug|Any CPU
		{0116627E-B2C5-4708-9983-705ECDD1F167}.Release|Any CPU.ActiveCfg = Release|Any CPU
		{0116627E-B2C5-4708-9983-705ECDD1F167}.Release|Any CPU.Build.0 = Release|Any CPU
		{0116627E-B2C5-4708-9983-705ECDD1F167}.Release|x64.ActiveCfg = Release|x64
		{0116627E-B2C5-4708-9983-705ECDD1F167}.Release|x64.Build.0 = Release|x64
		{0116627E-B2C5-4708-9983-705ECDD1F167}.Release|x86.ActiveCfg = Release|Any CPU
		{0116627E-B2C5-4708-9983-705ECDD1F167}.Release|x86.Build.0 = Release|Any CPU
		{DEFF7297-5E11-455F-AB98-DA3AAAAA7BDC}.Debug|Any CPU.ActiveCfg = Debug|Any CPU
		{DEFF7297-5E11-455F-AB98-DA3AAAAA7BDC}.Debug|Any CPU.Build.0 = Debug|Any CPU
		{DEFF7297-5E11-455F-AB98-DA3AAAAA7BDC}.Debug|x64.ActiveCfg = Debug|x64
		{DEFF7297-5E11-455F-AB98-DA3AAAAA7BDC}.Debug|x64.Build.0 = Debug|x64
		{DEFF7297-5E11-455F-AB98-DA3AAAAA7BDC}.Debug|x86.ActiveCfg = Debug|Any CPU
		{DEFF7297-5E11-455F-AB98-DA3AAAAA7BDC}.Debug|x86.Build.0 = Debug|Any CPU
		{DEFF7297-5E11-455F-AB98-DA3AAAAA7BDC}.Release|Any CPU.ActiveCfg = Release|Any CPU
		{DEFF7297-5E11-455F-AB98-DA3AAAAA7BDC}.Release|Any CPU.Build.0 = Release|Any CPU
		{DEFF7297-5E11-455F-AB98-DA3AAAAA7BDC}.Release|x64.ActiveCfg = Release|x64
		{DEFF7297-5E11-455F-AB98-DA3AAAAA7BDC}.Release|x64.Build.0 = Release|x64
		{DEFF7297-5E11-455F-AB98-DA3AAAAA7BDC}.Release|x86.ActiveCfg = Release|Any CPU
		{DEFF7297-5E11-455F-AB98-DA3AAAAA7BDC}.Release|x86.Build.0 = Release|Any CPU
	EndGlobalSection
	GlobalSection(SolutionProperties) = preSolution
		HideSolutionNode = FALSE
	EndGlobalSection
	GlobalSection(ExtensibilityGlobals) = postSolution
		SolutionGuid = {8CE2872B-B89D-4829-AA70-A53134DB739B}
	EndGlobalSection
EndGlobal
